
Microsoft Visual Studio Solution File, Format Version 12.00
# Visual Studio 15
VisualStudioVersion = 15.0.28307.757
MinimumVisualStudioVersion = 10.0.40219.1
Project("{159641D6-6404-4A2A-AE62-294DE0FE8301}") = "ADR_SOAP", "ADR_SOAP\ADR_SOAP.dtproj", "{C6FA592D-51A8-4B97-B957-B9DAE3D88B3B}"
EndProject
Global
	GlobalSection(SolutionConfigurationPlatforms) = preSolution
		Development|Default = Development|Default
	EndGlobalSection
	GlobalSection(ProjectConfigurationPlatforms) = postSolution
		{C6FA592D-51A8-4B97-B957-B9DAE3D88B3B}.Development|Default.ActiveCfg = Development
		{C6FA592D-51A8-4B97-B957-B9DAE3D88B3B}.Development|Default.Build.0 = Development
	EndGlobalSection
	GlobalSection(SolutionProperties) = preSolution
		HideSolutionNode = FALSE
	EndGlobalSection
	GlobalSection(ExtensibilityGlobals) = postSolution
		SolutionGuid = {67BA9CA5-9C3A-4D3D-9E2C-40ADD37B0E35}
	EndGlobalSection
EndGlobal
